// !$*UTF8*$!
{
	archiveVersion = 1;
	classes = {
	};
	objectVersion = 56;
	objects = {

/* Begin PBXBuildFile section */
		3F96C4302C2AE4A9009585FF /* AppDelegate.swift in Sources */ = {isa = PBXBuildFile; fileRef = 3F96C42F2C2AE4A9009585FF /* AppDelegate.swift */; };
		3F96C4322C2AE4A9009585FF /* SceneDelegate.swift in Sources */ = {isa = PBXBuildFile; fileRef = 3F96C4312C2AE4A9009585FF /* SceneDelegate.swift */; };
		3F96C4392C2AE4AC009585FF /* Assets.xcassets in Resources */ = {isa = PBXBuildFile; fileRef = 3F96C4382C2AE4AC009585FF /* Assets.xcassets */; };
		3F96C43C2C2AE4AC009585FF /* Base in Resources */ = {isa = PBXBuildFile; fileRef = 3F96C43B2C2AE4AC009585FF /* Base */; };
		3F96C4472C2AE4AD009585FF /* WeatherEduTests.swift in Sources */ = {isa = PBXBuildFile; fileRef = 3F96C4462C2AE4AD009585FF /* WeatherEduTests.swift */; };
		3F96C4512C2AE4AD009585FF /* WeatherEduUITests.swift in Sources */ = {isa = PBXBuildFile; fileRef = 3F96C4502C2AE4AD009585FF /* WeatherEduUITests.swift */; };
		3F96C4532C2AE4AD009585FF /* WeatherEduUITestsLaunchTests.swift in Sources */ = {isa = PBXBuildFile; fileRef = 3F96C4522C2AE4AD009585FF /* WeatherEduUITestsLaunchTests.swift */; };
		3F96C4632C2AFD20009585FF /* WeatherView.swift in Sources */ = {isa = PBXBuildFile; fileRef = 3F96C4622C2AFD20009585FF /* WeatherView.swift */; };
		3F96C4652C2B0957009585FF /* WeatherEduViewController.swift in Sources */ = {isa = PBXBuildFile; fileRef = 3F96C4642C2B0957009585FF /* WeatherEduViewController.swift */; };
/* End PBXBuildFile section */

/* Begin PBXContainerItemProxy section */
		3F96C4432C2AE4AD009585FF /* PBXContainerItemProxy */ = {
			isa = PBXContainerItemProxy;
			containerPortal = 3F96C4242C2AE4A9009585FF /* Project object */;
			proxyType = 1;
			remoteGlobalIDString = 3F96C42B2C2AE4A9009585FF;
			remoteInfo = WeatherEdu;
		};
		3F96C44D2C2AE4AD009585FF /* PBXContainerItemProxy */ = {
			isa = PBXContainerItemProxy;
			containerPortal = 3F96C4242C2AE4A9009585FF /* Project object */;
			proxyType = 1;
			remoteGlobalIDString = 3F96C42B2C2AE4A9009585FF;
			remoteInfo = WeatherEdu;
		};
/* End PBXContainerItemProxy section */

/* Begin PBXFileReference section */
		3F96C42C2C2AE4A9009585FF /* WeatherEdu.app */ = {isa = PBXFileReference; explicitFileType = wrapper.application; includeInIndex = 0; path = WeatherEdu.app; sourceTree = BUILT_PRODUCTS_DIR; };
		3F96C42F2C2AE4A9009585FF /* AppDelegate.swift */ = {isa = PBXFileReference; lastKnownFileType = sourcecode.swift; path = AppDelegate.swift; sourceTree = "<group>"; };
		3F96C4312C2AE4A9009585FF /* SceneDelegate.swift */ = {isa = PBXFileReference; lastKnownFileType = sourcecode.swift; path = SceneDelegate.swift; sourceTree = "<group>"; };
		3F96C4382C2AE4AC009585FF /* Assets.xcassets */ = {isa = PBXFileReference; lastKnownFileType = folder.assetcatalog; path = Assets.xcassets; sourceTree = "<group>"; };
		3F96C43B2C2AE4AC009585FF /* Base */ = {isa = PBXFileReference; lastKnownFileType = file.storyboard; name = Base; path = Base.lproj/LaunchScreen.storyboard; sourceTree = "<group>"; };
		3F96C43D2C2AE4AC009585FF /* Info.plist */ = {isa = PBXFileReference; lastKnownFileType = text.plist.xml; path = Info.plist; sourceTree = "<group>"; };
		3F96C4422C2AE4AD009585FF /* WeatherEduTests.xctest */ = {isa = PBXFileReference; explicitFileType = wrapper.cfbundle; includeInIndex = 0; path = WeatherEduTests.xctest; sourceTree = BUILT_PRODUCTS_DIR; };
		3F96C4462C2AE4AD009585FF /* WeatherEduTests.swift */ = {isa = PBXFileReference; lastKnownFileType = sourcecode.swift; path = WeatherEduTests.swift; sourceTree = "<group>"; };
		3F96C44C2C2AE4AD009585FF /* WeatherEduUITests.xctest */ = {isa = PBXFileReference; explicitFileType = wrapper.cfbundle; includeInIndex = 0; path = WeatherEduUITests.xctest; sourceTree = BUILT_PRODUCTS_DIR; };
		3F96C4502C2AE4AD009585FF /* WeatherEduUITests.swift */ = {isa = PBXFileReference; lastKnownFileType = sourcecode.swift; path = WeatherEduUITests.swift; sourceTree = "<group>"; };
		3F96C4522C2AE4AD009585FF /* WeatherEduUITestsLaunchTests.swift */ = {isa = PBXFileReference; lastKnownFileType = sourcecode.swift; path = WeatherEduUITestsLaunchTests.swift; sourceTree = "<group>"; };
		3F96C4622C2AFD20009585FF /* WeatherView.swift */ = {isa = PBXFileReference; lastKnownFileType = sourcecode.swift; path = WeatherView.swift; sourceTree = "<group>"; };
		3F96C4642C2B0957009585FF /* WeatherEduViewController.swift */ = {isa = PBXFileReference; lastKnownFileType = sourcecode.swift; path = WeatherEduViewController.swift; sourceTree = "<group>"; };
/* End PBXFileReference section */

/* Begin PBXFrameworksBuildPhase section */
		3F96C4292C2AE4A9009585FF /* Frameworks */ = {
			isa = PBXFrameworksBuildPhase;
			buildActionMask = 2147483647;
			files = (
			);
			runOnlyForDeploymentPostprocessing = 0;
		};
		3F96C43F2C2AE4AD009585FF /* Frameworks */ = {
			isa = PBXFrameworksBuildPhase;
			buildActionMask = 2147483647;
			files = (
			);
			runOnlyForDeploymentPostprocessing = 0;
		};
		3F96C4492C2AE4AD009585FF /* Frameworks */ = {
			isa = PBXFrameworksBuildPhase;
			buildActionMask = 2147483647;
			files = (
			);
			runOnlyForDeploymentPostprocessing = 0;
		};
/* End PBXFrameworksBuildPhase section */

/* Begin PBXGroup section */
		3F96C4232C2AE4A9009585FF = {
			isa = PBXGroup;
			children = (
				3F96C42E2C2AE4A9009585FF /* WeatherEdu */,
				3F96C4452C2AE4AD009585FF /* WeatherEduTests */,
				3F96C44F2C2AE4AD009585FF /* WeatherEduUITests */,
				3F96C42D2C2AE4A9009585FF /* Products */,
			);
			sourceTree = "<group>";
		};
		3F96C42D2C2AE4A9009585FF /* Products */ = {
			isa = PBXGroup;
			children = (
				3F96C42C2C2AE4A9009585FF /* WeatherEdu.app */,
				3F96C4422C2AE4AD009585FF /* WeatherEduTests.xctest */,
				3F96C44C2C2AE4AD009585FF /* WeatherEduUITests.xctest */,
			);
			name = Products;
			sourceTree = "<group>";
		};
		3F96C42E2C2AE4A9009585FF /* WeatherEdu */ = {
			isa = PBXGroup;
			children = (
				3F96C4612C2AEACC009585FF /* Controller */,
				3F96C4602C2AEAB9009585FF /* Model */,
				3F96C45F2C2AEAA6009585FF /* View */,
				3F96C42F2C2AE4A9009585FF /* AppDelegate.swift */,
				3F96C4312C2AE4A9009585FF /* SceneDelegate.swift */,
				3F96C4382C2AE4AC009585FF /* Assets.xcassets */,
				3F96C43A2C2AE4AC009585FF /* LaunchScreen.storyboard */,
				3F96C43D2C2AE4AC009585FF /* Info.plist */,
			);
			path = WeatherEdu;
			sourceTree = "<group>";
		};
		3F96C4452C2AE4AD009585FF /* WeatherEduTests */ = {
			isa = PBXGroup;
			children = (
				3F96C4462C2AE4AD009585FF /* WeatherEduTests.swift */,
			);
			path = WeatherEduTests;
			sourceTree = "<group>";
		};
		3F96C44F2C2AE4AD009585FF /* WeatherEduUITests */ = {
			isa = PBXGroup;
			children = (
				3F96C4502C2AE4AD009585FF /* WeatherEduUITests.swift */,
				3F96C4522C2AE4AD009585FF /* WeatherEduUITestsLaunchTests.swift */,
			);
			path = WeatherEduUITests;
			sourceTree = "<group>";
		};
		3F96C45F2C2AEAA6009585FF /* View */ = {
			isa = PBXGroup;
			children = (
				3F96C4622C2AFD20009585FF /* WeatherView.swift */,
			);
			path = View;
			sourceTree = "<group>";
		};
		3F96C4602C2AEAB9009585FF /* Model */ = {
			isa = PBXGroup;
			children = (
			);
			path = Model;
			sourceTree = "<group>";
		};
		3F96C4612C2AEACC009585FF /* Controller */ = {
			isa = PBXGroup;
			children = (
				3F96C4642C2B0957009585FF /* WeatherEduViewController.swift */,
			);
			path = Controller;
			sourceTree = "<group>";
		};
/* End PBXGroup section */

/* Begin PBXNativeTarget section */
		3F96C42B2C2AE4A9009585FF /* WeatherEdu */ = {
			isa = PBXNativeTarget;
			buildConfigurationList = 3F96C4562C2AE4AD009585FF /* Build configuration list for PBXNativeTarget "WeatherEdu" */;
			buildPhases = (
				3F96C4282C2AE4A9009585FF /* Sources */,
				3F96C4292C2AE4A9009585FF /* Frameworks */,
				3F96C42A2C2AE4A9009585FF /* Resources */,
			);
			buildRules = (
			);
			dependencies = (
			);
			name = WeatherEdu;
			productName = WeatherEdu;
			productReference = 3F96C42C2C2AE4A9009585FF /* WeatherEdu.app */;
			productType = "com.apple.product-type.application";
		};
		3F96C4412C2AE4AD009585FF /* WeatherEduTests */ = {
			isa = PBXNativeTarget;
			buildConfigurationList = 3F96C4592C2AE4AD009585FF /* Build configuration list for PBXNativeTarget "WeatherEduTests" */;
			buildPhases = (
				3F96C43E2C2AE4AD009585FF /* Sources */,
				3F96C43F2C2AE4AD009585FF /* Frameworks */,
				3F96C4402C2AE4AD009585FF /* Resources */,
			);
			buildRules = (
			);
			dependencies = (
				3F96C4442C2AE4AD009585FF /* PBXTargetDependency */,
			);
			name = WeatherEduTests;
			productName = WeatherEduTests;
			productReference = 3F96C4422C2AE4AD009585FF /* WeatherEduTests.xctest */;
			productType = "com.apple.product-type.bundle.unit-test";
		};
		3F96C44B2C2AE4AD009585FF /* WeatherEduUITests */ = {
			isa = PBXNativeTarget;
			buildConfigurationList = 3F96C45C2C2AE4AD009585FF /* Build configuration list for PBXNativeTarget "WeatherEduUITests" */;
			buildPhases = (
				3F96C4482C2AE4AD009585FF /* Sources */,
				3F96C4492C2AE4AD009585FF /* Frameworks */,
				3F96C44A2C2AE4AD009585FF /* Resources */,
			);
			buildRules = (
			);
			dependencies = (
				3F96C44E2C2AE4AD009585FF /* PBXTargetDependency */,
			);
			name = WeatherEduUITests;
			productName = WeatherEduUITests;
			productReference = 3F96C44C2C2AE4AD009585FF /* WeatherEduUITests.xctest */;
			productType = "com.apple.product-type.bundle.ui-testing";
		};
/* End PBXNativeTarget section */

/* Begin PBXProject section */
		3F96C4242C2AE4A9009585FF /* Project object */ = {
			isa = PBXProject;
			attributes = {
				BuildIndependentTargetsInParallel = 1;
				LastSwiftUpdateCheck = 1540;
				LastUpgradeCheck = 1540;
				TargetAttributes = {
					3F96C42B2C2AE4A9009585FF = {
						CreatedOnToolsVersion = 15.4;
					};
					3F96C4412C2AE4AD009585FF = {
						CreatedOnToolsVersion = 15.4;
						TestTargetID = 3F96C42B2C2AE4A9009585FF;
					};
					3F96C44B2C2AE4AD009585FF = {
						CreatedOnToolsVersion = 15.4;
						TestTargetID = 3F96C42B2C2AE4A9009585FF;
					};
				};
			};
			buildConfigurationList = 3F96C4272C2AE4A9009585FF /* Build configuration list for PBXProject "WeatherEdu" */;
			compatibilityVersion = "Xcode 14.0";
			developmentRegion = en;
			hasScannedForEncodings = 0;
			knownRegions = (
				en,
				Base,
			);
			mainGroup = 3F96C4232C2AE4A9009585FF;
			productRefGroup = 3F96C42D2C2AE4A9009585FF /* Products */;
			projectDirPath = "";
			projectRoot = "";
			targets = (
				3F96C42B2C2AE4A9009585FF /* WeatherEdu */,
				3F96C4412C2AE4AD009585FF /* WeatherEduTests */,
				3F96C44B2C2AE4AD009585FF /* WeatherEduUITests */,
			);
		};
/* End PBXProject section */

/* Begin PBXResourcesBuildPhase section */
		3F96C42A2C2AE4A9009585FF /* Resources */ = {
			isa = PBXResourcesBuildPhase;
			buildActionMask = 2147483647;
			files = (
				3F96C4392C2AE4AC009585FF /* Assets.xcassets in Resources */,
				3F96C43C2C2AE4AC009585FF /* Base in Resources */,
			);
			runOnlyForDeploymentPostprocessing = 0;
		};
		3F96C4402C2AE4AD009585FF /* Resources */ = {
			isa = PBXResourcesBuildPhase;
			buildActionMask = 2147483647;
			files = (
			);
			runOnlyForDeploymentPostprocessing = 0;
		};
		3F96C44A2C2AE4AD009585FF /* Resources */ = {
			isa = PBXResourcesBuildPhase;
			buildActionMask = 2147483647;
			files = (
			);
			runOnlyForDeploymentPostprocessing = 0;
		};
/* End PBXResourcesBuildPhase section */

/* Begin PBXSourcesBuildPhase section */
		3F96C4282C2AE4A9009585FF /* Sources */ = {
			isa = PBXSourcesBuildPhase;
			buildActionMask = 2147483647;
			files = (
				3F96C4652C2B0957009585FF /* WeatherEduViewController.swift in Sources */,
				3F96C4302C2AE4A9009585FF /* AppDelegate.swift in Sources */,
				3F96C4322C2AE4A9009585FF /* SceneDelegate.swift in Sources */,
				3F96C4632C2AFD20009585FF /* WeatherView.swift in Sources */,
			);
			runOnlyForDeploymentPostprocessing = 0;
		};
		3F96C43E2C2AE4AD009585FF /* Sources */ = {
			isa = PBXSourcesBuildPhase;
			buildActionMask = 2147483647;
			files = (
				3F96C4472C2AE4AD009585FF /* WeatherEduTests.swift in Sources */,
			);
			runOnlyForDeploymentPostprocessing = 0;
		};
		3F96C4482C2AE4AD009585FF /* Sources */ = {
			isa = PBXSourcesBuildPhase;
			buildActionMask = 2147483647;
			files = (
				3F96C4532C2AE4AD009585FF /* WeatherEduUITestsLaunchTests.swift in Sources */,
				3F96C4512C2AE4AD009585FF /* WeatherEduUITests.swift in Sources */,
			);
			runOnlyForDeploymentPostprocessing = 0;
		};
/* End PBXSourcesBuildPhase section */

/* Begin PBXTargetDependency section */
		3F96C4442C2AE4AD009585FF /* PBXTargetDependency */ = {
			isa = PBXTargetDependency;
			target = 3F96C42B2C2AE4A9009585FF /* WeatherEdu */;
			targetProxy = 3F96C4432C2AE4AD009585FF /* PBXContainerItemProxy */;
		};
		3F96C44E2C2AE4AD009585FF /* PBXTargetDependency */ = {
			isa = PBXTargetDependency;
			target = 3F96C42B2C2AE4A9009585FF /* WeatherEdu */;
			targetProxy = 3F96C44D2C2AE4AD009585FF /* PBXContainerItemProxy */;
		};
/* End PBXTargetDependency section */

/* Begin PBXVariantGroup section */
		3F96C43A2C2AE4AC009585FF /* LaunchScreen.storyboard */ = {
			isa = PBXVariantGroup;
			children = (
				3F96C43B2C2AE4AC009585FF /* Base */,
			);
			name = LaunchScreen.storyboard;
			sourceTree = "<group>";
		};
/* End PBXVariantGroup section */

/* Begin XCBuildConfiguration section */
		3F96C4542C2AE4AD009585FF /* Debug */ = {
			isa = XCBuildConfiguration;
			buildSettings = {
				ALWAYS_SEARCH_USER_PATHS = NO;
				ASSETCATALOG_COMPILER_GENERATE_SWIFT_ASSET_SYMBOL_EXTENSIONS = YES;
				CLANG_ANALYZER_NONNULL = YES;
				CLANG_ANALYZER_NUMBER_OBJECT_CONVERSION = YES_AGGRESSIVE;
				CLANG_CXX_LANGUAGE_STANDARD = "gnu++20";
				CLANG_ENABLE_MODULES = YES;
				CLANG_ENABLE_OBJC_ARC = YES;
				CLANG_ENABLE_OBJC_WEAK = YES;
				CLANG_WARN_BLOCK_CAPTURE_AUTORELEASING = YES;
				CLANG_WARN_BOOL_CONVERSION = YES;
				CLANG_WARN_COMMA = YES;
				CLANG_WARN_CONSTANT_CONVERSION = YES;
				CLANG_WARN_DEPRECATED_OBJC_IMPLEMENTATIONS = YES;
				CLANG_WARN_DIRECT_OBJC_ISA_USAGE = YES_ERROR;
				CLANG_WARN_DOCUMENTATION_COMMENTS = YES;
				CLANG_WARN_EMPTY_BODY = YES;
				CLANG_WARN_ENUM_CONVERSION = YES;
				CLANG_WARN_INFINITE_RECURSION = YES;
				CLANG_WARN_INT_CONVERSION = YES;
				CLANG_WARN_NON_LITERAL_NULL_CONVERSION = YES;
				CLANG_WARN_OBJC_IMPLICIT_RETAIN_SELF = YES;
				CLANG_WARN_OBJC_LITERAL_CONVERSION = YES;
				CLANG_WARN_OBJC_ROOT_CLASS = YES_ERROR;
				CLANG_WARN_QUOTED_INCLUDE_IN_FRAMEWORK_HEADER = YES;
				CLANG_WARN_RANGE_LOOP_ANALYSIS = YES;
				CLANG_WARN_STRICT_PROTOTYPES = YES;
				CLANG_WARN_SUSPICIOUS_MOVE = YES;
				CLANG_WARN_UNGUARDED_AVAILABILITY = YES_AGGRESSIVE;
				CLANG_WARN_UNREACHABLE_CODE = YES;
				CLANG_WARN__DUPLICATE_METHOD_MATCH = YES;
				COPY_PHASE_STRIP = NO;
				DEBUG_INFORMATION_FORMAT = dwarf;
				ENABLE_STRICT_OBJC_MSGSEND = YES;
				ENABLE_TESTABILITY = YES;
				ENABLE_USER_SCRIPT_SANDBOXING = YES;
				GCC_C_LANGUAGE_STANDARD = gnu17;
				GCC_DYNAMIC_NO_PIC = NO;
				GCC_NO_COMMON_BLOCKS = YES;
				GCC_OPTIMIZATION_LEVEL = 0;
				GCC_PREPROCESSOR_DEFINITIONS = (
					"DEBUG=1",
					"$(inherited)",
				);
				GCC_WARN_64_TO_32_BIT_CONVERSION = YES;
				GCC_WARN_ABOUT_RETURN_TYPE = YES_ERROR;
				GCC_WARN_UNDECLARED_SELECTOR = YES;
				GCC_WARN_UNINITIALIZED_AUTOS = YES_AGGRESSIVE;
				GCC_WARN_UNUSED_FUNCTION = YES;
				GCC_WARN_UNUSED_VARIABLE = YES;
				IPHONEOS_DEPLOYMENT_TARGET = 17.5;
				LOCALIZATION_PREFERS_STRING_CATALOGS = YES;
				MTL_ENABLE_DEBUG_INFO = INCLUDE_SOURCE;
				MTL_FAST_MATH = YES;
				ONLY_ACTIVE_ARCH = YES;
				SDKROOT = iphoneos;
				SWIFT_ACTIVE_COMPILATION_CONDITIONS = "DEBUG $(inherited)";
				SWIFT_OPTIMIZATION_LEVEL = "-Onone";
			};
			name = Debug;
		};
		3F96C4552C2AE4AD009585FF /* Release */ = {
			isa = XCBuildConfiguration;
			buildSettings = {
				ALWAYS_SEARCH_USER_PATHS = NO;
				ASSETCATALOG_COMPILER_GENERATE_SWIFT_ASSET_SYMBOL_EXTENSIONS = YES;
				CLANG_ANALYZER_NONNULL = YES;
				CLANG_ANALYZER_NUMBER_OBJECT_CONVERSION = YES_AGGRESSIVE;
				CLANG_CXX_LANGUAGE_STANDARD = "gnu++20";
				CLANG_ENABLE_MODULES = YES;
				CLANG_ENABLE_OBJC_ARC = YES;
				CLANG_ENABLE_OBJC_WEAK = YES;
				CLANG_WARN_BLOCK_CAPTURE_AUTORELEASING = YES;
				CLANG_WARN_BOOL_CONVERSION = YES;
				CLANG_WARN_COMMA = YES;
				CLANG_WARN_CONSTANT_CONVERSION = YES;
				CLANG_WARN_DEPRECATED_OBJC_IMPLEMENTATIONS = YES;
				CLANG_WARN_DIRECT_OBJC_ISA_USAGE = YES_ERROR;
				CLANG_WARN_DOCUMENTATION_COMMENTS = YES;
				CLANG_WARN_EMPTY_BODY = YES;
				CLANG_WARN_ENUM_CONVERSION = YES;
				CLANG_WARN_INFINITE_RECURSION = YES;
				CLANG_WARN_INT_CONVERSION = YES;
				CLANG_WARN_NON_LITERAL_NULL_CONVERSION = YES;
				CLANG_WARN_OBJC_IMPLICIT_RETAIN_SELF = YES;
				CLANG_WARN_OBJC_LITERAL_CONVERSION = YES;
				CLANG_WARN_OBJC_ROOT_CLASS = YES_ERROR;
				CLANG_WARN_QUOTED_INCLUDE_IN_FRAMEWORK_HEADER = YES;
				CLANG_WARN_RANGE_LOOP_ANALYSIS = YES;
				CLANG_WARN_STRICT_PROTOTYPES = YES;
				CLANG_WARN_SUSPICIOUS_MOVE = YES;
				CLANG_WARN_UNGUARDED_AVAILABILITY = YES_AGGRESSIVE;
				CLANG_WARN_UNREACHABLE_CODE = YES;
				CLANG_WARN__DUPLICATE_METHOD_MATCH = YES;
				COPY_PHASE_STRIP = NO;
				DEBUG_INFORMATION_FORMAT = "dwarf-with-dsym";
				ENABLE_NS_ASSERTIONS = NO;
				ENABLE_STRICT_OBJC_MSGSEND = YES;
				ENABLE_USER_SCRIPT_SANDBOXING = YES;
				GCC_C_LANGUAGE_STANDARD = gnu17;
				GCC_NO_COMMON_BLOCKS = YES;
				GCC_WARN_64_TO_32_BIT_CONVERSION = YES;
				GCC_WARN_ABOUT_RETURN_TYPE = YES_ERROR;
				GCC_WARN_UNDECLARED_SELECTOR = YES;
				GCC_WARN_UNINITIALIZED_AUTOS = YES_AGGRESSIVE;
				GCC_WARN_UNUSED_FUNCTION = YES;
				GCC_WARN_UNUSED_VARIABLE = YES;
				IPHONEOS_DEPLOYMENT_TARGET = 17.5;
				LOCALIZATION_PREFERS_STRING_CATALOGS = YES;
				MTL_ENABLE_DEBUG_INFO = NO;
				MTL_FAST_MATH = YES;
				SDKROOT = iphoneos;
				SWIFT_COMPILATION_MODE = wholemodule;
				VALIDATE_PRODUCT = YES;
			};
			name = Release;
		};
		3F96C4572C2AE4AD009585FF /* Debug */ = {
			isa = XCBuildConfiguration;
			buildSettings = {
				ASSETCATALOG_COMPILER_APPICON_NAME = AppIcon;
				ASSETCATALOG_COMPILER_GLOBAL_ACCENT_COLOR_NAME = AccentColor;
				CODE_SIGN_STYLE = Automatic;
				CURRENT_PROJECT_VERSION = 1;
				DEVELOPMENT_TEAM = 76N3ST5C2U;
				GENERATE_INFOPLIST_FILE = YES;
				INFOPLIST_FILE = WeatherEdu/Info.plist;
				INFOPLIST_KEY_UIApplicationSupportsIndirectInputEvents = YES;
				INFOPLIST_KEY_UILaunchStoryboardName = LaunchScreen;
				INFOPLIST_KEY_UISupportedInterfaceOrientations_iPad = "UIInterfaceOrientationPortrait UIInterfaceOrientationPortraitUpsideDown UIInterfaceOrientationLandscapeLeft UIInterfaceOrientationLandscapeRight";
				INFOPLIST_KEY_UISupportedInterfaceOrientations_iPhone = "UIInterfaceOrientationPortrait UIInterfaceOrientationLandscapeLeft UIInterfaceOrientationLandscapeRight";
				LD_RUNPATH_SEARCH_PATHS = (
					"$(inherited)",
					"@executable_path/Frameworks",
				);
				MARKETING_VERSION = 1.0;
				PRODUCT_BUNDLE_IDENTIFIER = com.WillianAlbeche.WeatherEdu;
				PRODUCT_NAME = "$(TARGET_NAME)";
				SWIFT_EMIT_LOC_STRINGS = YES;
				SWIFT_VERSION = 5.0;
				TARGETED_DEVICE_FAMILY = "1,2";
			};
			name = Debug;
		};
		3F96C4582C2AE4AD009585FF /* Release */ = {
			isa = XCBuildConfiguration;
			buildSettings = {
				ASSETCATALOG_COMPILER_APPICON_NAME = AppIcon;
				ASSETCATALOG_COMPILER_GLOBAL_ACCENT_COLOR_NAME = AccentColor;
				CODE_SIGN_STYLE = Automatic;
				CURRENT_PROJECT_VERSION = 1;
				DEVELOPMENT_TEAM = 76N3ST5C2U;
				GENERATE_INFOPLIST_FILE = YES;
				INFOPLIST_FILE = WeatherEdu/Info.plist;
				INFOPLIST_KEY_UIApplicationSupportsIndirectInputEvents = YES;
				INFOPLIST_KEY_UILaunchStoryboardName = LaunchScreen;
				INFOPLIST_KEY_UISupportedInterfaceOrientations_iPad = "UIInterfaceOrientationPortrait UIInterfaceOrientationPortraitUpsideDown UIInterfaceOrientationLandscapeLeft UIInterfaceOrientationLandscapeRight";
				INFOPLIST_KEY_UISupportedInterfaceOrientations_iPhone = "UIInterfaceOrientationPortrait UIInterfaceOrientationLandscapeLeft UIInterfaceOrientationLandscapeRight";
				LD_RUNPATH_SEARCH_PATHS = (
					"$(inherited)",
					"@executable_path/Frameworks",
				);
				MARKETING_VERSION = 1.0;
				PRODUCT_BUNDLE_IDENTIFIER = com.WillianAlbeche.WeatherEdu;
				PRODUCT_NAME = "$(TARGET_NAME)";
				SWIFT_EMIT_LOC_STRINGS = YES;
				SWIFT_VERSION = 5.0;
				TARGETED_DEVICE_FAMILY = "1,2";
			};
			name = Release;
		};
		3F96C45A2C2AE4AD009585FF /* Debug */ = {
			isa = XCBuildConfiguration;
			buildSettings = {
				ALWAYS_EMBED_SWIFT_STANDARD_LIBRARIES = YES;
				BUNDLE_LOADER = "$(TEST_HOST)";
				CODE_SIGN_STYLE = Automatic;
				CURRENT_PROJECT_VERSION = 1;
				DEVELOPMENT_TEAM = 76N3ST5C2U;
				GENERATE_INFOPLIST_FILE = YES;
				IPHONEOS_DEPLOYMENT_TARGET = 17.5;
				MARKETING_VERSION = 1.0;
				PRODUCT_BUNDLE_IDENTIFIER = com.WillianAlbeche.WeatherEduTests;
				PRODUCT_NAME = "$(TARGET_NAME)";
				SWIFT_EMIT_LOC_STRINGS = NO;
				SWIFT_VERSION = 5.0;
				TARGETED_DEVICE_FAMILY = "1,2";
				TEST_HOST = "$(BUILT_PRODUCTS_DIR)/WeatherEdu.app/$(BUNDLE_EXECUTABLE_FOLDER_PATH)/WeatherEdu";
			};
			name = Debug;
		};
		3F96C45B2C2AE4AD009585FF /* Release */ = {
			isa = XCBuildConfiguration;
			buildSettings = {
				ALWAYS_EMBED_SWIFT_STANDARD_LIBRARIES = YES;
				BUNDLE_LOADER = "$(TEST_HOST)";
				CODE_SIGN_STYLE = Automatic;
				CURRENT_PROJECT_VERSION = 1;
				DEVELOPMENT_TEAM = 76N3ST5C2U;
				GENERATE_INFOPLIST_FILE = YES;
				IPHONEOS_DEPLOYMENT_TARGET = 17.5;
				MARKETING_VERSION = 1.0;
				PRODUCT_BUNDLE_IDENTIFIER = com.WillianAlbeche.WeatherEduTests;
				PRODUCT_NAME = "$(TARGET_NAME)";
				SWIFT_EMIT_LOC_STRINGS = NO;
				SWIFT_VERSION = 5.0;
				TARGETED_DEVICE_FAMILY = "1,2";
				TEST_HOST = "$(BUILT_PRODUCTS_DIR)/WeatherEdu.app/$(BUNDLE_EXECUTABLE_FOLDER_PATH)/WeatherEdu";
			};
			name = Release;
		};
		3F96C45D2C2AE4AD009585FF /* Debug */ = {
			isa = XCBuildConfiguration;
			buildSettings = {
				ALWAYS_EMBED_SWIFT_STANDARD_LIBRARIES = YES;
				CODE_SIGN_STYLE = Automatic;
				CURRENT_PROJECT_VERSION = 1;
				DEVELOPMENT_TEAM = 76N3ST5C2U;
				GENERATE_INFOPLIST_FILE = YES;
				MARKETING_VERSION = 1.0;
				PRODUCT_BUNDLE_IDENTIFIER = com.WillianAlbeche.WeatherEduUITests;
				PRODUCT_NAME = "$(TARGET_NAME)";
				SWIFT_EMIT_LOC_STRINGS = NO;
				SWIFT_VERSION = 5.0;
				TARGETED_DEVICE_FAMILY = "1,2";
				TEST_TARGET_NAME = WeatherEdu;
			};
			name = Debug;
		};
		3F96C45E2C2AE4AD009585FF /* Release */ = {
			isa = XCBuildConfiguration;
			buildSettings = {
				ALWAYS_EMBED_SWIFT_STANDARD_LIBRARIES = YES;
				CODE_SIGN_STYLE = Automatic;
				CURRENT_PROJECT_VERSION = 1;
				DEVELOPMENT_TEAM = 76N3ST5C2U;
				GENERATE_INFOPLIST_FILE = YES;
				MARKETING_VERSION = 1.0;
				PRODUCT_BUNDLE_IDENTIFIER = com.WillianAlbeche.WeatherEduUITests;
				PRODUCT_NAME = "$(TARGET_NAME)";
				SWIFT_EMIT_LOC_STRINGS = NO;
				SWIFT_VERSION = 5.0;
				TARGETED_DEVICE_FAMILY = "1,2";
				TEST_TARGET_NAME = WeatherEdu;
			};
			name = Release;
		};
/* End XCBuildConfiguration section */

/* Begin XCConfigurationList section */
		3F96C4272C2AE4A9009585FF /* Build configuration list for PBXProject "WeatherEdu" */ = {
			isa = XCConfigurationList;
			buildConfigurations = (
				3F96C4542C2AE4AD009585FF /* Debug */,
				3F96C4552C2AE4AD009585FF /* Release */,
			);
			defaultConfigurationIsVisible = 0;
			defaultConfigurationName = Release;
		};
		3F96C4562C2AE4AD009585FF /* Build configuration list for PBXNativeTarget "WeatherEdu" */ = {
			isa = XCConfigurationList;
			buildConfigurations = (
				3F96C4572C2AE4AD009585FF /* Debug */,
				3F96C4582C2AE4AD009585FF /* Release */,
			);
			defaultConfigurationIsVisible = 0;
			defaultConfigurationName = Release;
		};
		3F96C4592C2AE4AD009585FF /* Build configuration list for PBXNativeTarget "WeatherEduTests" */ = {
			isa = XCConfigurationList;
			buildConfigurations = (
				3F96C45A2C2AE4AD009585FF /* Debug */,
				3F96C45B2C2AE4AD009585FF /* Release */,
			);
			defaultConfigurationIsVisible = 0;
			defaultConfigurationName = Release;
		};
		3F96C45C2C2AE4AD009585FF /* Build configuration list for PBXNativeTarget "WeatherEduUITests" */ = {
			isa = XCConfigurationList;
			buildConfigurations = (
				3F96C45D2C2AE4AD009585FF /* Debug */,
				3F96C45E2C2AE4AD009585FF /* Release */,
			);
			defaultConfigurationIsVisible = 0;
			defaultConfigurationName = Release;
		};
/* End XCConfigurationList section */
	};
	rootObject = 3F96C4242C2AE4A9009585FF /* Project object */;
}
